// !$*UTF8*$!
{
	archiveVersion = 1;
	classes = {
	};
	objectVersion = 48;
	objects = {

/* Begin PBXBuildFile section */
		2325BC621F91F9E100106F25 /* UIViewController+Extensions.swift in Sources */ = {isa = PBXBuildFile; fileRef = 2325BC611F91F9E100106F25 /* UIViewController+Extensions.swift */; };
		2325BC641F91FA5000106F25 /* Constants.swift in Sources */ = {isa = PBXBuildFile; fileRef = 2325BC631F91FA5000106F25 /* Constants.swift */; };
		2325BC661F91FBED00106F25 /* OpenWeatherService.swift in Sources */ = {isa = PBXBuildFile; fileRef = 2325BC651F91FBED00106F25 /* OpenWeatherService.swift */; };
		2325BC691F920B2500106F25 /* WeatherViewModel.swift in Sources */ = {isa = PBXBuildFile; fileRef = 2325BC681F920B2500106F25 /* WeatherViewModel.swift */; };
		2325BC6C1F9221A600106F25 /* CachedImageView.swift in Sources */ = {isa = PBXBuildFile; fileRef = 2325BC6B1F9221A600106F25 /* CachedImageView.swift */; };
		232CA6CB1F91E8C60075561D /* WeatherLayoutManager.swift in Sources */ = {isa = PBXBuildFile; fileRef = 232CA6CA1F91E8C60075561D /* WeatherLayoutManager.swift */; };
		2331E7B21F9156B30070DDCF /* AppDelegate.swift in Sources */ = {isa = PBXBuildFile; fileRef = 2331E7B11F9156B30070DDCF /* AppDelegate.swift */; };
		2331E7B91F9156B30070DDCF /* Assets.xcassets in Resources */ = {isa = PBXBuildFile; fileRef = 2331E7B81F9156B30070DDCF /* Assets.xcassets */; };
		2331E7BC1F9156B30070DDCF /* LaunchScreen.storyboard in Resources */ = {isa = PBXBuildFile; fileRef = 2331E7BA1F9156B30070DDCF /* LaunchScreen.storyboard */; };
		2331E7C71F9156B40070DDCF /* WeatherAppRxTests.swift in Sources */ = {isa = PBXBuildFile; fileRef = 2331E7C61F9156B40070DDCF /* WeatherAppRxTests.swift */; };
		2331E7D41F9158E10070DDCF /* WeatherViewController.swift in Sources */ = {isa = PBXBuildFile; fileRef = 2331E7D31F9158E10070DDCF /* WeatherViewController.swift */; };
		2331E7D71F9159200070DDCF /* Weather.swift in Sources */ = {isa = PBXBuildFile; fileRef = 2331E7D61F9159200070DDCF /* Weather.swift */; };
		97E2413C4B5ADF680FD58481 /* Pods_WeatherAppRx.framework in Frameworks */ = {isa = PBXBuildFile; fileRef = 1BD1B605F3C7A7FBC8ABE5EC /* Pods_WeatherAppRx.framework */; };
		B3EE0A5CC13997046DB05F4F /* Pods_WeatherAppRxTests.framework in Frameworks */ = {isa = PBXBuildFile; fileRef = AD47C77922026E0B560DCF5B /* Pods_WeatherAppRxTests.framework */; };
/* End PBXBuildFile section */

/* Begin PBXContainerItemProxy section */
		2331E7C31F9156B40070DDCF /* PBXContainerItemProxy */ = {
			isa = PBXContainerItemProxy;
			containerPortal = 2331E7A61F9156B30070DDCF /* Project object */;
			proxyType = 1;
			remoteGlobalIDString = 2331E7AD1F9156B30070DDCF;
			remoteInfo = WeatherAppRx;
		};
/* End PBXContainerItemProxy section */

/* Begin PBXFileReference section */
		1BD1B605F3C7A7FBC8ABE5EC /* Pods_WeatherAppRx.framework */ = {isa = PBXFileReference; explicitFileType = wrapper.framework; includeInIndex = 0; path = Pods_WeatherAppRx.framework; sourceTree = BUILT_PRODUCTS_DIR; };
		2325BC611F91F9E100106F25 /* UIViewController+Extensions.swift */ = {isa = PBXFileReference; lastKnownFileType = sourcecode.swift; path = "UIViewController+Extensions.swift"; sourceTree = "<group>"; };
		2325BC631F91FA5000106F25 /* Constants.swift */ = {isa = PBXFileReference; lastKnownFileType = sourcecode.swift; path = Constants.swift; sourceTree = "<group>"; };
		2325BC651F91FBED00106F25 /* OpenWeatherService.swift */ = {isa = PBXFileReference; lastKnownFileType = sourcecode.swift; path = OpenWeatherService.swift; sourceTree = "<group>"; };
		2325BC681F920B2500106F25 /* WeatherViewModel.swift */ = {isa = PBXFileReference; lastKnownFileType = sourcecode.swift; path = WeatherViewModel.swift; sourceTree = "<group>"; };
		2325BC6B1F9221A600106F25 /* CachedImageView.swift */ = {isa = PBXFileReference; lastKnownFileType = sourcecode.swift; path = CachedImageView.swift; sourceTree = "<group>"; };
		232CA6CA1F91E8C60075561D /* WeatherLayoutManager.swift */ = {isa = PBXFileReference; lastKnownFileType = sourcecode.swift; path = WeatherLayoutManager.swift; sourceTree = "<group>"; };
		2331E7AE1F9156B30070DDCF /* WeatherAppRx.app */ = {isa = PBXFileReference; explicitFileType = wrapper.application; includeInIndex = 0; path = WeatherAppRx.app; sourceTree = BUILT_PRODUCTS_DIR; };
		2331E7B11F9156B30070DDCF /* AppDelegate.swift */ = {isa = PBXFileReference; lastKnownFileType = sourcecode.swift; path = AppDelegate.swift; sourceTree = "<group>"; };
		2331E7B81F9156B30070DDCF /* Assets.xcassets */ = {isa = PBXFileReference; lastKnownFileType = folder.assetcatalog; path = Assets.xcassets; sourceTree = "<group>"; };
		2331E7BB1F9156B30070DDCF /* Base */ = {isa = PBXFileReference; lastKnownFileType = file.storyboard; name = Base; path = Base.lproj/LaunchScreen.storyboard; sourceTree = "<group>"; };
		2331E7BD1F9156B30070DDCF /* Info.plist */ = {isa = PBXFileReference; lastKnownFileType = text.plist.xml; path = Info.plist; sourceTree = "<group>"; };
		2331E7C21F9156B40070DDCF /* WeatherAppRxTests.xctest */ = {isa = PBXFileReference; explicitFileType = wrapper.cfbundle; includeInIndex = 0; path = WeatherAppRxTests.xctest; sourceTree = BUILT_PRODUCTS_DIR; };
		2331E7C61F9156B40070DDCF /* WeatherAppRxTests.swift */ = {isa = PBXFileReference; lastKnownFileType = sourcecode.swift; path = WeatherAppRxTests.swift; sourceTree = "<group>"; };
		2331E7C81F9156B40070DDCF /* Info.plist */ = {isa = PBXFileReference; lastKnownFileType = text.plist.xml; path = Info.plist; sourceTree = "<group>"; };
		2331E7D31F9158E10070DDCF /* WeatherViewController.swift */ = {isa = PBXFileReference; lastKnownFileType = sourcecode.swift; path = WeatherViewController.swift; sourceTree = "<group>"; };
		2331E7D61F9159200070DDCF /* Weather.swift */ = {isa = PBXFileReference; lastKnownFileType = sourcecode.swift; path = Weather.swift; sourceTree = "<group>"; };
		87DCD127383DABE51421DB1A /* Pods-WeatherAppRxTests.debug.xcconfig */ = {isa = PBXFileReference; includeInIndex = 1; lastKnownFileType = text.xcconfig; name = "Pods-WeatherAppRxTests.debug.xcconfig"; path = "Pods/Target Support Files/Pods-WeatherAppRxTests/Pods-WeatherAppRxTests.debug.xcconfig"; sourceTree = "<group>"; };
		AD47C77922026E0B560DCF5B /* Pods_WeatherAppRxTests.framework */ = {isa = PBXFileReference; explicitFileType = wrapper.framework; includeInIndex = 0; path = Pods_WeatherAppRxTests.framework; sourceTree = BUILT_PRODUCTS_DIR; };
		DE112E59D6703CE3CC6E43C0 /* Pods-WeatherAppRxTests.release.xcconfig */ = {isa = PBXFileReference; includeInIndex = 1; lastKnownFileType = text.xcconfig; name = "Pods-WeatherAppRxTests.release.xcconfig"; path = "Pods/Target Support Files/Pods-WeatherAppRxTests/Pods-WeatherAppRxTests.release.xcconfig"; sourceTree = "<group>"; };
		E115D626B3A54EBA34C1828F /* Pods-WeatherAppRx.debug.xcconfig */ = {isa = PBXFileReference; includeInIndex = 1; lastKnownFileType = text.xcconfig; name = "Pods-WeatherAppRx.debug.xcconfig"; path = "Pods/Target Support Files/Pods-WeatherAppRx/Pods-WeatherAppRx.debug.xcconfig"; sourceTree = "<group>"; };
		FC4F20282906E323569459F5 /* Pods-WeatherAppRx.release.xcconfig */ = {isa = PBXFileReference; includeInIndex = 1; lastKnownFileType = text.xcconfig; name = "Pods-WeatherAppRx.release.xcconfig"; path = "Pods/Target Support Files/Pods-WeatherAppRx/Pods-WeatherAppRx.release.xcconfig"; sourceTree = "<group>"; };
/* End PBXFileReference section */

/* Begin PBXFrameworksBuildPhase section */
		2331E7AB1F9156B30070DDCF /* Frameworks */ = {
			isa = PBXFrameworksBuildPhase;
			buildActionMask = 2147483647;
			files = (
				97E2413C4B5ADF680FD58481 /* Pods_WeatherAppRx.framework in Frameworks */,
			);
			runOnlyForDeploymentPostprocessing = 0;
		};
		2331E7BF1F9156B40070DDCF /* Frameworks */ = {
			isa = PBXFrameworksBuildPhase;
			buildActionMask = 2147483647;
			files = (
				B3EE0A5CC13997046DB05F4F /* Pods_WeatherAppRxTests.framework in Frameworks */,
			);
			runOnlyForDeploymentPostprocessing = 0;
		};
/* End PBXFrameworksBuildPhase section */

/* Begin PBXGroup section */
		2325BC601F91F9D200106F25 /* Extensions */ = {
			isa = PBXGroup;
			children = (
				2325BC611F91F9E100106F25 /* UIViewController+Extensions.swift */,
			);
			path = Extensions;
			sourceTree = "<group>";
		};
		2325BC671F920B1000106F25 /* View Models */ = {
			isa = PBXGroup;
			children = (
				2325BC681F920B2500106F25 /* WeatherViewModel.swift */,
			);
			path = "View Models";
			sourceTree = "<group>";
		};
		2325BC6A1F92219B00106F25 /* Views */ = {
			isa = PBXGroup;
			children = (
				2325BC6B1F9221A600106F25 /* CachedImageView.swift */,
			);
			path = Views;
			sourceTree = "<group>";
		};
		2331E7A51F9156B30070DDCF = {
			isa = PBXGroup;
			children = (
				2331E7B01F9156B30070DDCF /* WeatherAppRx */,
				2331E7C51F9156B40070DDCF /* WeatherAppRxTests */,
				2331E7AF1F9156B30070DDCF /* Products */,
				E66614143BB78CA2E4936DC1 /* Pods */,
				757C0225826C9C2BA537C5E1 /* Frameworks */,
			);
			sourceTree = "<group>";
		};
		2331E7AF1F9156B30070DDCF /* Products */ = {
			isa = PBXGroup;
			children = (
				2331E7AE1F9156B30070DDCF /* WeatherAppRx.app */,
				2331E7C21F9156B40070DDCF /* WeatherAppRxTests.xctest */,
			);
			name = Products;
			sourceTree = "<group>";
		};
		2331E7B01F9156B30070DDCF /* WeatherAppRx */ = {
			isa = PBXGroup;
			children = (
				2325BC6A1F92219B00106F25 /* Views */,
				2325BC601F91F9D200106F25 /* Extensions */,
				2331E7D81F9159360070DDCF /* Services */,
				2331E7D51F91590E0070DDCF /* Models */,
				2331E7D11F9158820070DDCF /* Misc */,
				2325BC671F920B1000106F25 /* View Models */,
				2331E7D21F91588D0070DDCF /* View Controllers */,
				2331E7BD1F9156B30070DDCF /* Info.plist */,
			);
			path = WeatherAppRx;
			sourceTree = "<group>";
		};
		2331E7C51F9156B40070DDCF /* WeatherAppRxTests */ = {
			isa = PBXGroup;
			children = (
				2331E7C61F9156B40070DDCF /* WeatherAppRxTests.swift */,
				2331E7C81F9156B40070DDCF /* Info.plist */,
			);
			path = WeatherAppRxTests;
			sourceTree = "<group>";
		};
		2331E7D11F9158820070DDCF /* Misc */ = {
			isa = PBXGroup;
			children = (
				2331E7B11F9156B30070DDCF /* AppDelegate.swift */,
				2331E7B81F9156B30070DDCF /* Assets.xcassets */,
				2325BC631F91FA5000106F25 /* Constants.swift */,
				2331E7BA1F9156B30070DDCF /* LaunchScreen.storyboard */,
			);
			path = Misc;
			sourceTree = "<group>";
		};
		2331E7D21F91588D0070DDCF /* View Controllers */ = {
			isa = PBXGroup;
			children = (
				2331E7D31F9158E10070DDCF /* WeatherViewController.swift */,
				232CA6CA1F91E8C60075561D /* WeatherLayoutManager.swift */,
			);
			path = "View Controllers";
			sourceTree = "<group>";
		};
		2331E7D51F91590E0070DDCF /* Models */ = {
			isa = PBXGroup;
			children = (
				2331E7D61F9159200070DDCF /* Weather.swift */,
			);
			path = Models;
			sourceTree = "<group>";
		};
		2331E7D81F9159360070DDCF /* Services */ = {
			isa = PBXGroup;
			children = (
				2325BC651F91FBED00106F25 /* OpenWeatherService.swift */,
			);
			path = Services;
			sourceTree = "<group>";
		};
		757C0225826C9C2BA537C5E1 /* Frameworks */ = {
			isa = PBXGroup;
			children = (
				1BD1B605F3C7A7FBC8ABE5EC /* Pods_WeatherAppRx.framework */,
				AD47C77922026E0B560DCF5B /* Pods_WeatherAppRxTests.framework */,
			);
			name = Frameworks;
			sourceTree = "<group>";
		};
		E66614143BB78CA2E4936DC1 /* Pods */ = {
			isa = PBXGroup;
			children = (
				E115D626B3A54EBA34C1828F /* Pods-WeatherAppRx.debug.xcconfig */,
				FC4F20282906E323569459F5 /* Pods-WeatherAppRx.release.xcconfig */,
				87DCD127383DABE51421DB1A /* Pods-WeatherAppRxTests.debug.xcconfig */,
				DE112E59D6703CE3CC6E43C0 /* Pods-WeatherAppRxTests.release.xcconfig */,
			);
			name = Pods;
			sourceTree = "<group>";
		};
/* End PBXGroup section */

/* Begin PBXNativeTarget section */
		2331E7AD1F9156B30070DDCF /* WeatherAppRx */ = {
			isa = PBXNativeTarget;
			buildConfigurationList = 2331E7CB1F9156B40070DDCF /* Build configuration list for PBXNativeTarget "WeatherAppRx" */;
			buildPhases = (
				773AF43217BEE4BBAB113D24 /* [CP] Check Pods Manifest.lock */,
				2331E7AA1F9156B30070DDCF /* Sources */,
				2331E7AB1F9156B30070DDCF /* Frameworks */,
				2331E7AC1F9156B30070DDCF /* Resources */,
				868CAE2745FC38FAD6E8DD8C /* [CP] Embed Pods Frameworks */,
				4266D24782A360B7130C3C5A /* [CP] Copy Pods Resources */,
			);
			buildRules = (
			);
			dependencies = (
			);
			name = WeatherAppRx;
			productName = WeatherAppRx;
			productReference = 2331E7AE1F9156B30070DDCF /* WeatherAppRx.app */;
			productType = "com.apple.product-type.application";
		};
		2331E7C11F9156B40070DDCF /* WeatherAppRxTests */ = {
			isa = PBXNativeTarget;
			buildConfigurationList = 2331E7CE1F9156B40070DDCF /* Build configuration list for PBXNativeTarget "WeatherAppRxTests" */;
			buildPhases = (
				27A067AC951886EDE120DC1B /* [CP] Check Pods Manifest.lock */,
				2331E7BE1F9156B40070DDCF /* Sources */,
				2331E7BF1F9156B40070DDCF /* Frameworks */,
				2331E7C01F9156B40070DDCF /* Resources */,
				5F0EDF49E51E0ED4E70E649A /* [CP] Embed Pods Frameworks */,
				3B7166AA0A3210568728FD81 /* [CP] Copy Pods Resources */,
			);
			buildRules = (
			);
			dependencies = (
				2331E7C41F9156B40070DDCF /* PBXTargetDependency */,
			);
			name = WeatherAppRxTests;
			productName = WeatherAppRxTests;
			productReference = 2331E7C21F9156B40070DDCF /* WeatherAppRxTests.xctest */;
			productType = "com.apple.product-type.bundle.unit-test";
		};
/* End PBXNativeTarget section */

/* Begin PBXProject section */
		2331E7A61F9156B30070DDCF /* Project object */ = {
			isa = PBXProject;
			attributes = {
				LastSwiftUpdateCheck = 0900;
				LastUpgradeCheck = 0900;
				ORGANIZATIONNAME = "Magfurul Abeer";
				TargetAttributes = {
					2331E7AD1F9156B30070DDCF = {
						CreatedOnToolsVersion = 9.0;
						ProvisioningStyle = Automatic;
					};
					2331E7C11F9156B40070DDCF = {
						CreatedOnToolsVersion = 9.0;
						ProvisioningStyle = Automatic;
						TestTargetID = 2331E7AD1F9156B30070DDCF;
					};
				};
			};
			buildConfigurationList = 2331E7A91F9156B30070DDCF /* Build configuration list for PBXProject "WeatherAppRx" */;
			compatibilityVersion = "Xcode 8.0";
			developmentRegion = en;
			hasScannedForEncodings = 0;
			knownRegions = (
				en,
				Base,
			);
			mainGroup = 2331E7A51F9156B30070DDCF;
			productRefGroup = 2331E7AF1F9156B30070DDCF /* Products */;
			projectDirPath = "";
			projectRoot = "";
			targets = (
				2331E7AD1F9156B30070DDCF /* WeatherAppRx */,
				2331E7C11F9156B40070DDCF /* WeatherAppRxTests */,
			);
		};
/* End PBXProject section */

/* Begin PBXResourcesBuildPhase section */
		2331E7AC1F9156B30070DDCF /* Resources */ = {
			isa = PBXResourcesBuildPhase;
			buildActionMask = 2147483647;
			files = (
				2331E7BC1F9156B30070DDCF /* LaunchScreen.storyboard in Resources */,
				2331E7B91F9156B30070DDCF /* Assets.xcassets in Resources */,
			);
			runOnlyForDeploymentPostprocessing = 0;
		};
		2331E7C01F9156B40070DDCF /* Resources */ = {
			isa = PBXResourcesBuildPhase;
			buildActionMask = 2147483647;
			files = (
			);
			runOnlyForDeploymentPostprocessing = 0;
		};
/* End PBXResourcesBuildPhase section */

/* Begin PBXShellScriptBuildPhase section */
		27A067AC951886EDE120DC1B /* [CP] Check Pods Manifest.lock */ = {
			isa = PBXShellScriptBuildPhase;
			buildActionMask = 2147483647;
			files = (
			);
			inputPaths = (
				"${PODS_PODFILE_DIR_PATH}/Podfile.lock",
				"${PODS_ROOT}/Manifest.lock",
			);
			name = "[CP] Check Pods Manifest.lock";
			outputPaths = (
				"$(DERIVED_FILE_DIR)/Pods-WeatherAppRxTests-checkManifestLockResult.txt",
			);
			runOnlyForDeploymentPostprocessing = 0;
			shellPath = /bin/sh;
			shellScript = "diff \"${PODS_PODFILE_DIR_PATH}/Podfile.lock\" \"${PODS_ROOT}/Manifest.lock\" > /dev/null\nif [ $? != 0 ] ; then\n    # print error to STDERR\n    echo \"error: The sandbox is not in sync with the Podfile.lock. Run 'pod install' or update your CocoaPods installation.\" >&2\n    exit 1\nfi\n# This output is used by Xcode 'outputs' to avoid re-running this script phase.\necho \"SUCCESS\" > \"${SCRIPT_OUTPUT_FILE_0}\"\n";
			showEnvVarsInLog = 0;
		};
		3B7166AA0A3210568728FD81 /* [CP] Copy Pods Resources */ = {
			isa = PBXShellScriptBuildPhase;
			buildActionMask = 2147483647;
			files = (
			);
			inputPaths = (
			);
			name = "[CP] Copy Pods Resources";
			outputPaths = (
			);
			runOnlyForDeploymentPostprocessing = 0;
			shellPath = /bin/sh;
			shellScript = "\"${SRCROOT}/Pods/Target Support Files/Pods-WeatherAppRxTests/Pods-WeatherAppRxTests-resources.sh\"\n";
			showEnvVarsInLog = 0;
		};
		4266D24782A360B7130C3C5A /* [CP] Copy Pods Resources */ = {
			isa = PBXShellScriptBuildPhase;
			buildActionMask = 2147483647;
			files = (
			);
			inputPaths = (
			);
			name = "[CP] Copy Pods Resources";
			outputPaths = (
			);
			runOnlyForDeploymentPostprocessing = 0;
			shellPath = /bin/sh;
			shellScript = "\"${SRCROOT}/Pods/Target Support Files/Pods-WeatherAppRx/Pods-WeatherAppRx-resources.sh\"\n";
			showEnvVarsInLog = 0;
		};
		5F0EDF49E51E0ED4E70E649A /* [CP] Embed Pods Frameworks */ = {
			isa = PBXShellScriptBuildPhase;
			buildActionMask = 2147483647;
			files = (
			);
			inputPaths = (
			);
			name = "[CP] Embed Pods Frameworks";
			outputPaths = (
			);
			runOnlyForDeploymentPostprocessing = 0;
			shellPath = /bin/sh;
			shellScript = "\"${SRCROOT}/Pods/Target Support Files/Pods-WeatherAppRxTests/Pods-WeatherAppRxTests-frameworks.sh\"\n";
			showEnvVarsInLog = 0;
		};
		773AF43217BEE4BBAB113D24 /* [CP] Check Pods Manifest.lock */ = {
			isa = PBXShellScriptBuildPhase;
			buildActionMask = 2147483647;
			files = (
			);
			inputPaths = (
				"${PODS_PODFILE_DIR_PATH}/Podfile.lock",
				"${PODS_ROOT}/Manifest.lock",
			);
			name = "[CP] Check Pods Manifest.lock";
			outputPaths = (
				"$(DERIVED_FILE_DIR)/Pods-WeatherAppRx-checkManifestLockResult.txt",
			);
			runOnlyForDeploymentPostprocessing = 0;
			shellPath = /bin/sh;
			shellScript = "diff \"${PODS_PODFILE_DIR_PATH}/Podfile.lock\" \"${PODS_ROOT}/Manifest.lock\" > /dev/null\nif [ $? != 0 ] ; then\n    # print error to STDERR\n    echo \"error: The sandbox is not in sync with the Podfile.lock. Run 'pod install' or update your CocoaPods installation.\" >&2\n    exit 1\nfi\n# This output is used by Xcode 'outputs' to avoid re-running this script phase.\necho \"SUCCESS\" > \"${SCRIPT_OUTPUT_FILE_0}\"\n";
			showEnvVarsInLog = 0;
		};
		868CAE2745FC38FAD6E8DD8C /* [CP] Embed Pods Frameworks */ = {
			isa = PBXShellScriptBuildPhase;
			buildActionMask = 2147483647;
			files = (
			);
			inputPaths = (
				"${SRCROOT}/Pods/Target Support Files/Pods-WeatherAppRx/Pods-WeatherAppRx-frameworks.sh",
				"${BUILT_PRODUCTS_DIR}/Alamofire/Alamofire.framework",
				"${BUILT_PRODUCTS_DIR}/Moya/Moya.framework",
				"${BUILT_PRODUCTS_DIR}/Result/Result.framework",
				"${BUILT_PRODUCTS_DIR}/RxCocoa/RxCocoa.framework",
				"${BUILT_PRODUCTS_DIR}/RxSwift/RxSwift.framework",
				"${BUILT_PRODUCTS_DIR}/SwiftyJSON/SwiftyJSON.framework",
			);
			name = "[CP] Embed Pods Frameworks";
			outputPaths = (
				"${TARGET_BUILD_DIR}/${FRAMEWORKS_FOLDER_PATH}/Alamofire.framework",
				"${TARGET_BUILD_DIR}/${FRAMEWORKS_FOLDER_PATH}/Moya.framework",
				"${TARGET_BUILD_DIR}/${FRAMEWORKS_FOLDER_PATH}/Result.framework",
				"${TARGET_BUILD_DIR}/${FRAMEWORKS_FOLDER_PATH}/RxCocoa.framework",
				"${TARGET_BUILD_DIR}/${FRAMEWORKS_FOLDER_PATH}/RxSwift.framework",
				"${TARGET_BUILD_DIR}/${FRAMEWORKS_FOLDER_PATH}/SwiftyJSON.framework",
			);
			runOnlyForDeploymentPostprocessing = 0;
			shellPath = /bin/sh;
			shellScript = "\"${SRCROOT}/Pods/Target Support Files/Pods-WeatherAppRx/Pods-WeatherAppRx-frameworks.sh\"\n";
			showEnvVarsInLog = 0;
		};
/* End PBXShellScriptBuildPhase section */

/* Begin PBXSourcesBuildPhase section */
		2331E7AA1F9156B30070DDCF /* Sources */ = {
			isa = PBXSourcesBuildPhase;
			buildActionMask = 2147483647;
			files = (
				2331E7D71F9159200070DDCF /* Weather.swift in Sources */,
				2325BC691F920B2500106F25 /* WeatherViewModel.swift in Sources */,
				2331E7D41F9158E10070DDCF /* WeatherViewController.swift in Sources */,
				2325BC621F91F9E100106F25 /* UIViewController+Extensions.swift in Sources */,
				232CA6CB1F91E8C60075561D /* WeatherLayoutManager.swift in Sources */,
				2331E7B21F9156B30070DDCF /* AppDelegate.swift in Sources */,
				2325BC641F91FA5000106F25 /* Constants.swift in Sources */,
				2325BC6C1F9221A600106F25 /* CachedImageView.swift in Sources */,
				2325BC661F91FBED00106F25 /* OpenWeatherService.swift in Sources */,
			);
			runOnlyForDeploymentPostprocessing = 0;
		};
		2331E7BE1F9156B40070DDCF /* Sources */ = {
			isa = PBXSourcesBuildPhase;
			buildActionMask = 2147483647;
			files = (
				2331E7C71F9156B40070DDCF /* WeatherAppRxTests.swift in Sources */,
			);
			runOnlyForDeploymentPostprocessing = 0;
		};
/* End PBXSourcesBuildPhase section */

/* Begin PBXTargetDependency section */
		2331E7C41F9156B40070DDCF /* PBXTargetDependency */ = {
			isa = PBXTargetDependency;
			target = 2331E7AD1F9156B30070DDCF /* WeatherAppRx */;
			targetProxy = 2331E7C31F9156B40070DDCF /* PBXContainerItemProxy */;
		};
/* End PBXTargetDependency section */

/* Begin PBXVariantGroup section */
		2331E7BA1F9156B30070DDCF /* LaunchScreen.storyboard */ = {
			isa = PBXVariantGroup;
			children = (
				2331E7BB1F9156B30070DDCF /* Base */,
			);
			name = LaunchScreen.storyboard;
			sourceTree = "<group>";
		};
/* End PBXVariantGroup section */

/* Begin XCBuildConfiguration section */
		2331E7C91F9156B40070DDCF /* Debug */ = {
			isa = XCBuildConfiguration;
			buildSettings = {
				ALWAYS_SEARCH_USER_PATHS = NO;
				CLANG_ANALYZER_NONNULL = YES;
				CLANG_ANALYZER_NUMBER_OBJECT_CONVERSION = YES_AGGRESSIVE;
				CLANG_CXX_LANGUAGE_STANDARD = "gnu++14";
				CLANG_CXX_LIBRARY = "libc++";
				CLANG_ENABLE_MODULES = YES;
				CLANG_ENABLE_OBJC_ARC = YES;
				CLANG_WARN_BLOCK_CAPTURE_AUTORELEASING = YES;
				CLANG_WARN_BOOL_CONVERSION = YES;
				CLANG_WARN_COMMA = YES;
				CLANG_WARN_CONSTANT_CONVERSION = YES;
				CLANG_WARN_DIRECT_OBJC_ISA_USAGE = YES_ERROR;
				CLANG_WARN_DOCUMENTATION_COMMENTS = YES;
				CLANG_WARN_EMPTY_BODY = YES;
				CLANG_WARN_ENUM_CONVERSION = YES;
				CLANG_WARN_INFINITE_RECURSION = YES;
				CLANG_WARN_INT_CONVERSION = YES;
				CLANG_WARN_NON_LITERAL_NULL_CONVERSION = YES;
				CLANG_WARN_OBJC_LITERAL_CONVERSION = YES;
				CLANG_WARN_OBJC_ROOT_CLASS = YES_ERROR;
				CLANG_WARN_RANGE_LOOP_ANALYSIS = YES;
				CLANG_WARN_STRICT_PROTOTYPES = YES;
				CLANG_WARN_SUSPICIOUS_MOVE = YES;
				CLANG_WARN_UNGUARDED_AVAILABILITY = YES_AGGRESSIVE;
				CLANG_WARN_UNREACHABLE_CODE = YES;
				CLANG_WARN__DUPLICATE_METHOD_MATCH = YES;
				CODE_SIGN_IDENTITY = "iPhone Developer";
				COPY_PHASE_STRIP = NO;
				DEBUG_INFORMATION_FORMAT = dwarf;
				ENABLE_STRICT_OBJC_MSGSEND = YES;
				ENABLE_TESTABILITY = YES;
				GCC_C_LANGUAGE_STANDARD = gnu11;
				GCC_DYNAMIC_NO_PIC = NO;
				GCC_NO_COMMON_BLOCKS = YES;
				GCC_OPTIMIZATION_LEVEL = 0;
				GCC_PREPROCESSOR_DEFINITIONS = (
					"DEBUG=1",
					"$(inherited)",
				);
				GCC_WARN_64_TO_32_BIT_CONVERSION = YES;
				GCC_WARN_ABOUT_RETURN_TYPE = YES_ERROR;
				GCC_WARN_UNDECLARED_SELECTOR = YES;
				GCC_WARN_UNINITIALIZED_AUTOS = YES_AGGRESSIVE;
				GCC_WARN_UNUSED_FUNCTION = YES;
				GCC_WARN_UNUSED_VARIABLE = YES;
				IPHONEOS_DEPLOYMENT_TARGET = 11.0;
				MTL_ENABLE_DEBUG_INFO = YES;
				ONLY_ACTIVE_ARCH = YES;
				SDKROOT = iphoneos;
				SWIFT_ACTIVE_COMPILATION_CONDITIONS = DEBUG;
				SWIFT_OPTIMIZATION_LEVEL = "-Onone";
			};
			name = Debug;
		};
		2331E7CA1F9156B40070DDCF /* Release */ = {
			isa = XCBuildConfiguration;
			buildSettings = {
				ALWAYS_SEARCH_USER_PATHS = NO;
				CLANG_ANALYZER_NONNULL = YES;
				CLANG_ANALYZER_NUMBER_OBJECT_CONVERSION = YES_AGGRESSIVE;
				CLANG_CXX_LANGUAGE_STANDARD = "gnu++14";
				CLANG_CXX_LIBRARY = "libc++";
				CLANG_ENABLE_MODULES = YES;
				CLANG_ENABLE_OBJC_ARC = YES;
				CLANG_WARN_BLOCK_CAPTURE_AUTORELEASING = YES;
				CLANG_WARN_BOOL_CONVERSION = YES;
				CLANG_WARN_COMMA = YES;
				CLANG_WARN_CONSTANT_CONVERSION = YES;
				CLANG_WARN_DIRECT_OBJC_ISA_USAGE = YES_ERROR;
				CLANG_WARN_DOCUMENTATION_COMMENTS = YES;
				CLANG_WARN_EMPTY_BODY = YES;
				CLANG_WARN_ENUM_CONVERSION = YES;
				CLANG_WARN_INFINITE_RECURSION = YES;
				CLANG_WARN_INT_CONVERSION = YES;
				CLANG_WARN_NON_LITERAL_NULL_CONVERSION = YES;
				CLANG_WARN_OBJC_LITERAL_CONVERSION = YES;
				CLANG_WARN_OBJC_ROOT_CLASS = YES_ERROR;
				CLANG_WARN_RANGE_LOOP_ANALYSIS = YES;
				CLANG_WARN_STRICT_PROTOTYPES = YES;
				CLANG_WARN_SUSPICIOUS_MOVE = YES;
				CLANG_WARN_UNGUARDED_AVAILABILITY = YES_AGGRESSIVE;
				CLANG_WARN_UNREACHABLE_CODE = YES;
				CLANG_WARN__DUPLICATE_METHOD_MATCH = YES;
				CODE_SIGN_IDENTITY = "iPhone Developer";
				COPY_PHASE_STRIP = NO;
				DEBUG_INFORMATION_FORMAT = "dwarf-with-dsym";
				ENABLE_NS_ASSERTIONS = NO;
				ENABLE_STRICT_OBJC_MSGSEND = YES;
				GCC_C_LANGUAGE_STANDARD = gnu11;
				GCC_NO_COMMON_BLOCKS = YES;
				GCC_WARN_64_TO_32_BIT_CONVERSION = YES;
				GCC_WARN_ABOUT_RETURN_TYPE = YES_ERROR;
				GCC_WARN_UNDECLARED_SELECTOR = YES;
				GCC_WARN_UNINITIALIZED_AUTOS = YES_AGGRESSIVE;
				GCC_WARN_UNUSED_FUNCTION = YES;
				GCC_WARN_UNUSED_VARIABLE = YES;
				IPHONEOS_DEPLOYMENT_TARGET = 11.0;
				MTL_ENABLE_DEBUG_INFO = NO;
				SDKROOT = iphoneos;
				SWIFT_OPTIMIZATION_LEVEL = "-Owholemodule";
				VALIDATE_PRODUCT = YES;
			};
			name = Release;
		};
		2331E7CC1F9156B40070DDCF /* Debug */ = {
			isa = XCBuildConfiguration;
			baseConfigurationReference = E115D626B3A54EBA34C1828F /* Pods-WeatherAppRx.debug.xcconfig */;
			buildSettings = {
				ASSETCATALOG_COMPILER_APPICON_NAME = AppIcon;
				CODE_SIGN_STYLE = Automatic;
				DEVELOPMENT_TEAM = P59PPQ2LZ6;
				INFOPLIST_FILE = WeatherAppRx/Info.plist;
				IPHONEOS_DEPLOYMENT_TARGET = 11.0;
				LD_RUNPATH_SEARCH_PATHS = "$(inherited) @executable_path/Frameworks";
				PRODUCT_BUNDLE_IDENTIFIER = com.magfurulabeer.WeatherAppRx;
				PRODUCT_NAME = "$(TARGET_NAME)";
				SWIFT_VERSION = 3.0;
				TARGETED_DEVICE_FAMILY = "1,2";
			};
			name = Debug;
		};
		2331E7CD1F9156B40070DDCF /* Release */ = {
			isa = XCBuildConfiguration;
			baseConfigurationReference = FC4F20282906E323569459F5 /* Pods-WeatherAppRx.release.xcconfig */;
			buildSettings = {
				ASSETCATALOG_COMPILER_APPICON_NAME = AppIcon;
				CODE_SIGN_STYLE = Automatic;
				DEVELOPMENT_TEAM = P59PPQ2LZ6;
				INFOPLIST_FILE = WeatherAppRx/Info.plist;
				IPHONEOS_DEPLOYMENT_TARGET = 11.0;
				LD_RUNPATH_SEARCH_PATHS = "$(inherited) @executable_path/Frameworks";
				PRODUCT_BUNDLE_IDENTIFIER = com.magfurulabeer.WeatherAppRx;
				PRODUCT_NAME = "$(TARGET_NAME)";
				SWIFT_VERSION = 3.0;
				TARGETED_DEVICE_FAMILY = "1,2";
			};
			name = Release;
		};
		2331E7CF1F9156B40070DDCF /* Debug */ = {
			isa = XCBuildConfiguration;
			baseConfigurationReference = 87DCD127383DABE51421DB1A /* Pods-WeatherAppRxTests.debug.xcconfig */;
			buildSettings = {
				ALWAYS_EMBED_SWIFT_STANDARD_LIBRARIES = YES;
				BUNDLE_LOADER = "$(TEST_HOST)";
				CODE_SIGN_STYLE = Automatic;
				DEVELOPMENT_TEAM = P59PPQ2LZ6;
				INFOPLIST_FILE = WeatherAppRxTests/Info.plist;
				LD_RUNPATH_SEARCH_PATHS = "$(inherited) @executable_path/Frameworks @loader_path/Frameworks";
				PRODUCT_BUNDLE_IDENTIFIER = com.magfurulabeer.WeatherAppRxTests;
				PRODUCT_NAME = "$(TARGET_NAME)";
				SWIFT_VERSION = 4.0;
				TARGETED_DEVICE_FAMILY = "1,2";
				TEST_HOST = "$(BUILT_PRODUCTS_DIR)/WeatherAppRx.app/WeatherAppRx";
			};
			name = Debug;
		};
		2331E7D01F9156B40070DDCF /* Release */ = {
			isa = XCBuildConfiguration;
			baseConfigurationReference = DE112E59D6703CE3CC6E43C0 /* Pods-WeatherAppRxTests.release.xcconfig */;
			buildSettings = {
				ALWAYS_EMBED_SWIFT_STANDARD_LIBRARIES = YES;
				BUNDLE_LOADER = "$(TEST_HOST)";
				CODE_SIGN_STYLE = Automatic;
				DEVELOPMENT_TEAM = P59PPQ2LZ6;
				INFOPLIST_FILE = WeatherAppRxTests/Info.plist;
				LD_RUNPATH_SEARCH_PATHS = "$(inherited) @executable_path/Frameworks @loader_path/Frameworks";
				PRODUCT_BUNDLE_IDENTIFIER = com.magfurulabeer.WeatherAppRxTests;
				PRODUCT_NAME = "$(TARGET_NAME)";
				SWIFT_VERSION = 4.0;
				TARGETED_DEVICE_FAMILY = "1,2";
				TEST_HOST = "$(BUILT_PRODUCTS_DIR)/WeatherAppRx.app/WeatherAppRx";
			};
			name = Release;
		};
/* End XCBuildConfiguration section */

/* Begin XCConfigurationList section */
		2331E7A91F9156B30070DDCF /* Build configuration list for PBXProject "WeatherAppRx" */ = {
			isa = XCConfigurationList;
			buildConfigurations = (
				2331E7C91F9156B40070DDCF /* Debug */,
				2331E7CA1F9156B40070DDCF /* Release */,
			);
			defaultConfigurationIsVisible = 0;
			defaultConfigurationName = Release;
		};
		2331E7CB1F9156B40070DDCF /* Build configuration list for PBXNativeTarget "WeatherAppRx" */ = {
			isa = XCConfigurationList;
			buildConfigurations = (
				2331E7CC1F9156B40070DDCF /* Debug */,
				2331E7CD1F9156B40070DDCF /* Release */,
			);
			defaultConfigurationIsVisible = 0;
			defaultConfigurationName = Release;
		};
		2331E7CE1F9156B40070DDCF /* Build configuration list for PBXNativeTarget "WeatherAppRxTests" */ = {
			isa = XCConfigurationList;
			buildConfigurations = (
				2331E7CF1F9156B40070DDCF /* Debug */,
				2331E7D01F9156B40070DDCF /* Release */,
			);
			defaultConfigurationIsVisible = 0;
			defaultConfigurationName = Release;
		};
/* End XCConfigurationList section */
	};
	rootObject = 2331E7A61F9156B30070DDCF /* Project object */;
}
